
Microsoft Visual Studio Solution File, Format Version 12.00
# Visual Studio Version 16
VisualStudioVersion = 16.0.31019.35
MinimumVisualStudioVersion = 10.0.40219.1
Project("{FAE04EC0-301F-11D3-BF4B-00C04F79EFBC}") = "NguyenThiPhuongThao973", "NguyenThiPhuongThao973\NguyenThiPhuongThao973.csproj", "{FBAD6D99-E26A-4059-AF5E-F7A725CC9273}"
EndProject
Global
	GlobalSection(SolutionConfigurationPlatforms) = preSolution
		Debug|Any CPU = Debug|Any CPU
		Release|Any CPU = Release|Any CPU
	EndGlobalSection
	GlobalSection(ProjectConfigurationPlatforms) = postSolution
		{FBAD6D99-E26A-4059-AF5E-F7A725CC9273}.Debug|Any CPU.ActiveCfg = Debug|Any CPU
		{FBAD6D99-E26A-4059-AF5E-F7A725CC9273}.Debug|Any CPU.Build.0 = Debug|Any CPU
		{FBAD6D99-E26A-4059-AF5E-F7A725CC9273}.Release|Any CPU.ActiveCfg = Release|Any CPU
		{FBAD6D99-E26A-4059-AF5E-F7A725CC9273}.Release|Any CPU.Build.0 = Release|Any CPU
	EndGlobalSection
	GlobalSection(SolutionProperties) = preSolution
		HideSolutionNode = FALSE
	EndGlobalSection
	GlobalSection(ExtensibilityGlobals) = postSolution
		SolutionGuid = {D48432FE-D87D-40C8-9CFF-E5B85D2DA81A}
	EndGlobalSection
EndGlobal
